
Microsoft Visual Studio Solution File, Format Version 12.00
# Visual Studio Version 17
VisualStudioVersion = 17.8.34525.116
MinimumVisualStudioVersion = 10.0.40219.1
Project("{9A19103F-16F7-4668-BE54-9A1E7A4F7556}") = "Law Secret Santa", "Law Secret Santa\Law Secret Santa.csproj", "{F36EA689-518D-43B5-A892-7A17966D1920}"
EndProject
Project("{2150E333-8FDC-42A3-9474-1A3956D46DE8}") = "Solution Items", "Solution Items", "{38B16745-1478-420E-9C16-8D788EAABF30}"
	ProjectSection(SolutionItems) = preProject
		.editorconfig = .editorconfig
	EndProjectSection
EndProject
Global
	GlobalSection(SolutionConfigurationPlatforms) = preSolution
		Debug|Any CPU = Debug|Any CPU
		Release|Any CPU = Release|Any CPU
	EndGlobalSection
	GlobalSection(ProjectConfigurationPlatforms) = postSolution
		{F36EA689-518D-43B5-A892-7A17966D1920}.Debug|Any CPU.ActiveCfg = Debug|Any CPU
		{F36EA689-518D-43B5-A892-7A17966D1920}.Debug|Any CPU.Build.0 = Debug|Any CPU
		{F36EA689-518D-43B5-A892-7A17966D1920}.Release|Any CPU.ActiveCfg = Release|Any CPU
		{F36EA689-518D-43B5-A892-7A17966D1920}.Release|Any CPU.Build.0 = Release|Any CPU
	EndGlobalSection
	GlobalSection(SolutionProperties) = preSolution
		HideSolutionNode = FALSE
	EndGlobalSection
	GlobalSection(ExtensibilityGlobals) = postSolution
		SolutionGuid = {0779B14A-0921-43F4-B960-BA7F6937D840}
	EndGlobalSection
EndGlobal
